{
    "_readme": [
        "This file locks the dependencies of your project to a known state",
        "Read more about it at https://getcomposer.org/doc/01-basic-usage.md#installing-dependencies",
        "This file is @generated automatically"
    ],
    "content-hash": "fd667d6bb71a596dfca033f5534314e1",
    "packages": [
        {
            "name": "sabedoria/core",
            "version": "dev-main",
            "dist": {
                "type": "path",
                "url": "../core",
                "reference": "1fd29d4cdd6c52bb35580a3a8bd47ceff9333b52"
            },
            "require": {
                "php": ">=8.0"
            },
            "type": "library",
            "autoload": {
                "psr-4": {
                    "Core\\": "src/"
                },
                "files": [
                    "src/functions.php"
                ]
            },
            "description": "Biblioteca compartilhada do ecossistema Sabedoria de Coracao",
            "transport-options": {
                "relative": true
            }
        }
    ],
    "packages-dev": [],
    "aliases": [],
    "minimum-stability": "stable",
    "stability-flags": {
        "sabedoria/core": 20
    },
    "prefer-stable": false,
    "prefer-lowest": false,
    "platform": {
        "php": ">=8.0"
    },
    "platform-dev": [],
    "plugin-api-version": "2.3.0"
}
